
Microsoft Visual Studio Solution File, Format Version 12.00
# Visual Studio Version 16
VisualStudioVersion = 16.0.31624.102
MinimumVisualStudioVersion = 10.0.40219.1
Project("{FAE04EC0-301F-11D3-BF4B-00C04F79EFBC}") = "ADInfo", "ADInfo.csproj", "{7B4515B6-2D02-43BD-9880-F4B438978BA6}"
EndProject
Global
	GlobalSection(SolutionConfigurationPlatforms) = preSolution
		Debug|Any CPU = Debug|Any CPU
		Release|Any CPU = Release|Any CPU
	EndGlobalSection
	GlobalSection(ProjectConfigurationPlatforms) = postSolution
		{7B4515B6-2D02-43BD-9880-F4B438978BA6}.Debug|Any CPU.ActiveCfg = Debug|Any CPU
		{7B4515B6-2D02-43BD-9880-F4B438978BA6}.Debug|Any CPU.Build.0 = Debug|Any CPU
		{7B4515B6-2D02-43BD-9880-F4B438978BA6}.Release|Any CPU.ActiveCfg = Release|Any CPU
		{7B4515B6-2D02-43BD-9880-F4B438978BA6}.Release|Any CPU.Build.0 = Release|Any CPU
	EndGlobalSection
	GlobalSection(SolutionProperties) = preSolution
		HideSolutionNode = FALSE
	EndGlobalSection
	GlobalSection(ExtensibilityGlobals) = postSolution
		SolutionGuid = {23D6E0A5-F0A1-4C07-B19F-1FD0E177965C}
	EndGlobalSection
EndGlobal
